// !$*UTF8*$!
{
	archiveVersion = 1;
	classes = {
	};
	objectVersion = 46;
	objects = {

/* Begin PBXBuildFile section */
		181A39F71CF5AE1A0000FE5F /* main.m in Sources */ = {isa = PBXBuildFile; fileRef = 181A39F61CF5AE1A0000FE5F /* main.m */; };
		181A3A031CF5AE7C0000FE5F /* WXBaseModel.m in Sources */ = {isa = PBXBuildFile; fileRef = 181A3A021CF5AE7C0000FE5F /* WXBaseModel.m */; };
		181A3A0B1CF5AFDC0000FE5F /* News.m in Sources */ = {isa = PBXBuildFile; fileRef = 181A3A0A1CF5AFDC0000FE5F /* News.m */; };
/* End PBXBuildFile section */

/* Begin PBXCopyFilesBuildPhase section */
		181A39F11CF5AE1A0000FE5F /* CopyFiles */ = {
			isa = PBXCopyFilesBuildPhase;
			buildActionMask = 2147483647;
			dstPath = /usr/share/man/man1/;
			dstSubfolderSpec = 0;
			files = (
			);
			runOnlyForDeploymentPostprocessing = 1;
		};
/* End PBXCopyFilesBuildPhase section */

/* Begin PBXFileReference section */
		181A39F31CF5AE1A0000FE5F /* BaseModel */ = {isa = PBXFileReference; explicitFileType = "compiled.mach-o.executable"; includeInIndex = 0; path = BaseModel; sourceTree = BUILT_PRODUCTS_DIR; };
		181A39F61CF5AE1A0000FE5F /* main.m */ = {isa = PBXFileReference; lastKnownFileType = sourcecode.c.objc; path = main.m; sourceTree = "<group>"; };
		181A3A011CF5AE7C0000FE5F /* WXBaseModel.h */ = {isa = PBXFileReference; fileEncoding = 4; lastKnownFileType = sourcecode.c.h; path = WXBaseModel.h; sourceTree = "<group>"; };
		181A3A021CF5AE7C0000FE5F /* WXBaseModel.m */ = {isa = PBXFileReference; fileEncoding = 4; lastKnownFileType = sourcecode.c.objc; path = WXBaseModel.m; sourceTree = "<group>"; };
		181A3A091CF5AFDC0000FE5F /* News.h */ = {isa = PBXFileReference; fileEncoding = 4; lastKnownFileType = sourcecode.c.h; path = News.h; sourceTree = "<group>"; };
		181A3A0A1CF5AFDC0000FE5F /* News.m */ = {isa = PBXFileReference; fileEncoding = 4; lastKnownFileType = sourcecode.c.objc; path = News.m; sourceTree = "<group>"; };
/* End PBXFileReference section */

/* Begin PBXFrameworksBuildPhase section */
		181A39F01CF5AE1A0000FE5F /* Frameworks */ = {
			isa = PBXFrameworksBuildPhase;
			buildActionMask = 2147483647;
			files = (
			);
			runOnlyForDeploymentPostprocessing = 0;
		};
/* End PBXFrameworksBuildPhase section */

/* Begin PBXGroup section */
		181A39EA1CF5AE1A0000FE5F = {
			isa = PBXGroup;
			children = (
				181A39F51CF5AE1A0000FE5F /* BaseModel */,
				181A39F41CF5AE1A0000FE5F /* Products */,
			);
			sourceTree = "<group>";
		};
		181A39F41CF5AE1A0000FE5F /* Products */ = {
			isa = PBXGroup;
			children = (
				181A39F31CF5AE1A0000FE5F /* BaseModel */,
			);
			name = Products;
			sourceTree = "<group>";
		};
		181A39F51CF5AE1A0000FE5F /* BaseModel */ = {
			isa = PBXGroup;
			children = (
				181A39F61CF5AE1A0000FE5F /* main.m */,
				181A3A091CF5AFDC0000FE5F /* News.h */,
				181A3A0A1CF5AFDC0000FE5F /* News.m */,
				181A3A001CF5AE7C0000FE5F /* WXBaseModel */,
			);
			path = BaseModel;
			sourceTree = "<group>";
		};
		181A3A001CF5AE7C0000FE5F /* WXBaseModel */ = {
			isa = PBXGroup;
			children = (
				181A3A011CF5AE7C0000FE5F /* WXBaseModel.h */,
				181A3A021CF5AE7C0000FE5F /* WXBaseModel.m */,
			);
			path = WXBaseModel;
			sourceTree = "<group>";
		};
/* End PBXGroup section */

/* Begin PBXNativeTarget section */
		181A39F21CF5AE1A0000FE5F /* BaseModel */ = {
			isa = PBXNativeTarget;
			buildConfigurationList = 181A39FA1CF5AE1A0000FE5F /* Build configuration list for PBXNativeTarget "BaseModel" */;
			buildPhases = (
				181A39EF1CF5AE1A0000FE5F /* Sources */,
				181A39F01CF5AE1A0000FE5F /* Frameworks */,
				181A39F11CF5AE1A0000FE5F /* CopyFiles */,
			);
			buildRules = (
			);
			dependencies = (
			);
			name = BaseModel;
			productName = BaseModel;
			productReference = 181A39F31CF5AE1A0000FE5F /* BaseModel */;
			productType = "com.apple.product-type.tool";
		};
/* End PBXNativeTarget section */

/* Begin PBXProject section */
		181A39EB1CF5AE1A0000FE5F /* Project object */ = {
			isa = PBXProject;
			attributes = {
				LastUpgradeCheck = 0720;
				ORGANIZATIONNAME = zhangning;
				TargetAttributes = {
					181A39F21CF5AE1A0000FE5F = {
						CreatedOnToolsVersion = 7.2;
					};
				};
			};
			buildConfigurationList = 181A39EE1CF5AE1A0000FE5F /* Build configuration list for PBXProject "BaseModel" */;
			compatibilityVersion = "Xcode 3.2";
			developmentRegion = English;
			hasScannedForEncodings = 0;
			knownRegions = (
				en,
			);
			mainGroup = 181A39EA1CF5AE1A0000FE5F;
			productRefGroup = 181A39F41CF5AE1A0000FE5F /* Products */;
			projectDirPath = "";
			projectRoot = "";
			targets = (
				181A39F21CF5AE1A0000FE5F /* BaseModel */,
			);
		};
/* End PBXProject section */

/* Begin PBXSourcesBuildPhase section */
		181A39EF1CF5AE1A0000FE5F /* Sources */ = {
			isa = PBXSourcesBuildPhase;
			buildActionMask = 2147483647;
			files = (
				181A39F71CF5AE1A0000FE5F /* main.m in Sources */,
				181A3A031CF5AE7C0000FE5F /* WXBaseModel.m in Sources */,
				181A3A0B1CF5AFDC0000FE5F /* News.m in Sources */,
			);
			runOnlyForDeploymentPostprocessing = 0;
		};
/* End PBXSourcesBuildPhase section */

/* Begin XCBuildConfiguration section */
		181A39F81CF5AE1A0000FE5F /* Debug */ = {
			isa = XCBuildConfiguration;
			buildSettings = {
				ALWAYS_SEARCH_USER_PATHS = NO;
				CLANG_CXX_LANGUAGE_STANDARD = "gnu++0x";
				CLANG_CXX_LIBRARY = "libc++";
				CLANG_ENABLE_MODULES = YES;
				CLANG_ENABLE_OBJC_ARC = YES;
				CLANG_WARN_BOOL_CONVERSION = YES;
				CLANG_WARN_CONSTANT_CONVERSION = YES;
				CLANG_WARN_DIRECT_OBJC_ISA_USAGE = YES_ERROR;
				CLANG_WARN_EMPTY_BODY = YES;
				CLANG_WARN_ENUM_CONVERSION = YES;
				CLANG_WARN_INT_CONVERSION = YES;
				CLANG_WARN_OBJC_ROOT_CLASS = YES_ERROR;
				CLANG_WARN_UNREACHABLE_CODE = YES;
				CLANG_WARN__DUPLICATE_METHOD_MATCH = YES;
				CODE_SIGN_IDENTITY = "-";
				COPY_PHASE_STRIP = NO;
				DEBUG_INFORMATION_FORMAT = dwarf;
				ENABLE_STRICT_OBJC_MSGSEND = YES;
				ENABLE_TESTABILITY = YES;
				GCC_C_LANGUAGE_STANDARD = gnu99;
				GCC_DYNAMIC_NO_PIC = NO;
				GCC_NO_COMMON_BLOCKS = YES;
				GCC_OPTIMIZATION_LEVEL = 0;
				GCC_PREPROCESSOR_DEFINITIONS = (
					"DEBUG=1",
					"$(inherited)",
				);
				GCC_WARN_64_TO_32_BIT_CONVERSION = YES;
				GCC_WARN_ABOUT_RETURN_TYPE = YES_ERROR;
				GCC_WARN_UNDECLARED_SELECTOR = YES;
				GCC_WARN_UNINITIALIZED_AUTOS = YES_AGGRESSIVE;
				GCC_WARN_UNUSED_FUNCTION = YES;
				GCC_WARN_UNUSED_VARIABLE = YES;
				MACOSX_DEPLOYMENT_TARGET = 10.10;
				MTL_ENABLE_DEBUG_INFO = YES;
				ONLY_ACTIVE_ARCH = YES;
				SDKROOT = macosx;
			};
			name = Debug;
		};
		181A39F91CF5AE1A0000FE5F /* Release */ = {
			isa = XCBuildConfiguration;
			buildSettings = {
				ALWAYS_SEARCH_USER_PATHS = NO;
				CLANG_CXX_LANGUAGE_STANDARD = "gnu++0x";
				CLANG_CXX_LIBRARY = "libc++";
				CLANG_ENABLE_MODULES = YES;
				CLANG_ENABLE_OBJC_ARC = YES;
				CLANG_WARN_BOOL_CONVERSION = YES;
				CLANG_WARN_CONSTANT_CONVERSION = YES;
				CLANG_WARN_DIRECT_OBJC_ISA_USAGE = YES_ERROR;
				CLANG_WARN_EMPTY_BODY = YES;
				CLANG_WARN_ENUM_CONVERSION = YES;
				CLANG_WARN_INT_CONVERSION = YES;
				CLANG_WARN_OBJC_ROOT_CLASS = YES_ERROR;
				CLANG_WARN_UNREACHABLE_CODE = YES;
				CLANG_WARN__DUPLICATE_METHOD_MATCH = YES;
				CODE_SIGN_IDENTITY = "-";
				COPY_PHASE_STRIP = NO;
				DEBUG_INFORMATION_FORMAT = "dwarf-with-dsym";
				ENABLE_NS_ASSERTIONS = NO;
				ENABLE_STRICT_OBJC_MSGSEND = YES;
				GCC_C_LANGUAGE_STANDARD = gnu99;
				GCC_NO_COMMON_BLOCKS = YES;
				GCC_WARN_64_TO_32_BIT_CONVERSION = YES;
				GCC_WARN_ABOUT_RETURN_TYPE = YES_ERROR;
				GCC_WARN_UNDECLARED_SELECTOR = YES;
				GCC_WARN_UNINITIALIZED_AUTOS = YES_AGGRESSIVE;
				GCC_WARN_UNUSED_FUNCTION = YES;
				GCC_WARN_UNUSED_VARIABLE = YES;
				MACOSX_DEPLOYMENT_TARGET = 10.10;
				MTL_ENABLE_DEBUG_INFO = NO;
				SDKROOT = macosx;
			};
			name = Release;
		};
		181A39FB1CF5AE1A0000FE5F /* Debug */ = {
			isa = XCBuildConfiguration;
			buildSettings = {
				PRODUCT_NAME = "$(TARGET_NAME)";
			};
			name = Debug;
		};
		181A39FC1CF5AE1A0000FE5F /* Release */ = {
			isa = XCBuildConfiguration;
			buildSettings = {
				PRODUCT_NAME = "$(TARGET_NAME)";
			};
			name = Release;
		};
/* End XCBuildConfiguration section */

/* Begin XCConfigurationList section */
		181A39EE1CF5AE1A0000FE5F /* Build configuration list for PBXProject "BaseModel" */ = {
			isa = XCConfigurationList;
			buildConfigurations = (
				181A39F81CF5AE1A0000FE5F /* Debug */,
				181A39F91CF5AE1A0000FE5F /* Release */,
			);
			defaultConfigurationIsVisible = 0;
			defaultConfigurationName = Release;
		};
		181A39FA1CF5AE1A0000FE5F /* Build configuration list for PBXNativeTarget "BaseModel" */ = {
			isa = XCConfigurationList;
			buildConfigurations = (
				181A39FB1CF5AE1A0000FE5F /* Debug */,
				181A39FC1CF5AE1A0000FE5F /* Release */,
			);
			defaultConfigurationIsVisible = 0;
		};
/* End XCConfigurationList section */
	};
	rootObject = 181A39EB1CF5AE1A0000FE5F /* Project object */;
}
